
Microsoft Visual Studio Solution File, Format Version 12.00
# Visual Studio Version 17
VisualStudioVersion = 17.5.002.0
MinimumVisualStudioVersion = 10.0.40219.1
Project("{9A19103F-16F7-4668-BE54-9A1E7A4F7556}") = "AlQaim.Lms", "AlQaim.Lms.csproj", "{D36816E8-5A86-4D3C-B20C-2AAE18092B5F}"
EndProject
Project("{FAE04EC0-301F-11D3-BF4B-00C04F79EFBC}") = "SharedComponents", "SharedComponents\SharedComponents.csproj", "{DD6F79D3-2A34-4D64-9D24-2A422D62639D}"
EndProject
Global
	GlobalSection(SolutionConfigurationPlatforms) = preSolution
		Debug|Any CPU = Debug|Any CPU
		Release|Any CPU = Release|Any CPU
	EndGlobalSection
	GlobalSection(ProjectConfigurationPlatforms) = postSolution
		{D36816E8-5A86-4D3C-B20C-2AAE18092B5F}.Debug|Any CPU.ActiveCfg = Debug|Any CPU
		{D36816E8-5A86-4D3C-B20C-2AAE18092B5F}.Debug|Any CPU.Build.0 = Debug|Any CPU
		{D36816E8-5A86-4D3C-B20C-2AAE18092B5F}.Release|Any CPU.ActiveCfg = Release|Any CPU
		{D36816E8-5A86-4D3C-B20C-2AAE18092B5F}.Release|Any CPU.Build.0 = Release|Any CPU
		{DD6F79D3-2A34-4D64-9D24-2A422D62639D}.Debug|Any CPU.ActiveCfg = Debug|Any CPU
		{DD6F79D3-2A34-4D64-9D24-2A422D62639D}.Debug|Any CPU.Build.0 = Debug|Any CPU
		{DD6F79D3-2A34-4D64-9D24-2A422D62639D}.Release|Any CPU.ActiveCfg = Release|Any CPU
		{DD6F79D3-2A34-4D64-9D24-2A422D62639D}.Release|Any CPU.Build.0 = Release|Any CPU
	EndGlobalSection
	GlobalSection(SolutionProperties) = preSolution
		HideSolutionNode = FALSE
	EndGlobalSection
	GlobalSection(ExtensibilityGlobals) = postSolution
		SolutionGuid = {B55D2E6B-52BF-4EFC-A66F-9AB626528C0F}
	EndGlobalSection
EndGlobal
